
Microsoft Visual Studio Solution File, Format Version 11.00
# Visual Studio 2010
Project("{2150E333-8FDC-42A3-9474-1A3956D46DE8}") = "src", "src", "{8E199965-0E01-4FFD-AFB9-EF3D68F2ABAD}"
EndProject
Project("{2150E333-8FDC-42A3-9474-1A3956D46DE8}") = "samples", "samples", "{159D4687-EE11-4D0D-B335-B5FD158D3196}"
EndProject
Project("{FAE04EC0-301F-11D3-BF4B-00C04F79EFBC}") = "Unseal", "src\Unseal\Unseal.csproj", "{D821AD8B-421A-461F-B29D-94017019CC40}"
EndProject
Global
	GlobalSection(SolutionConfigurationPlatforms) = preSolution
		Debug|x86 = Debug|x86
		Release|x86 = Release|x86
	EndGlobalSection
	GlobalSection(ProjectConfigurationPlatforms) = postSolution
		{D821AD8B-421A-461F-B29D-94017019CC40}.Debug|x86.ActiveCfg = Debug|x86
		{D821AD8B-421A-461F-B29D-94017019CC40}.Debug|x86.Build.0 = Debug|x86
		{D821AD8B-421A-461F-B29D-94017019CC40}.Release|x86.ActiveCfg = Release|x86
		{D821AD8B-421A-461F-B29D-94017019CC40}.Release|x86.Build.0 = Release|x86
	EndGlobalSection
	GlobalSection(SolutionProperties) = preSolution
		HideSolutionNode = FALSE
	EndGlobalSection
	GlobalSection(NestedProjects) = preSolution
		{D821AD8B-421A-461F-B29D-94017019CC40} = {8E199965-0E01-4FFD-AFB9-EF3D68F2ABAD}
	EndGlobalSection
EndGlobal
